// !$*UTF8*$!
{
	archiveVersion = 1;
	classes = {
	};
	objectVersion = 46;
	objects = {

/* Begin PBXBuildFile section */
		4F9558FD1C12786A002A7108 /* AppDelegate.swift in Sources */ = {isa = PBXBuildFile; fileRef = 4F9558FC1C12786A002A7108 /* AppDelegate.swift */; };
		4F9558FF1C12786A002A7108 /* ViewController.swift in Sources */ = {isa = PBXBuildFile; fileRef = 4F9558FE1C12786A002A7108 /* ViewController.swift */; };
		4F9559021C12786A002A7108 /* Main.storyboard in Resources */ = {isa = PBXBuildFile; fileRef = 4F9559001C12786A002A7108 /* Main.storyboard */; };
		4F9559041C12786A002A7108 /* Assets.xcassets in Resources */ = {isa = PBXBuildFile; fileRef = 4F9559031C12786A002A7108 /* Assets.xcassets */; };
		4F9559071C12786A002A7108 /* LaunchScreen.storyboard in Resources */ = {isa = PBXBuildFile; fileRef = 4F9559051C12786A002A7108 /* LaunchScreen.storyboard */; };
		4F95590F1C127918002A7108 /* ViewController2.swift in Sources */ = {isa = PBXBuildFile; fileRef = 4F95590E1C127918002A7108 /* ViewController2.swift */; };
		4F9559121C127E3E002A7108 /* PTPresentationController.swift in Sources */ = {isa = PBXBuildFile; fileRef = 4F9559111C127E3E002A7108 /* PTPresentationController.swift */; };
/* End PBXBuildFile section */

/* Begin PBXFileReference section */
		4F9558F91C12786A002A7108 /* DO_POPUPWindow.app */ = {isa = PBXFileReference; explicitFileType = wrapper.application; includeInIndex = 0; path = DO_POPUPWindow.app; sourceTree = BUILT_PRODUCTS_DIR; };
		4F9558FC1C12786A002A7108 /* AppDelegate.swift */ = {isa = PBXFileReference; lastKnownFileType = sourcecode.swift; path = AppDelegate.swift; sourceTree = "<group>"; };
		4F9558FE1C12786A002A7108 /* ViewController.swift */ = {isa = PBXFileReference; lastKnownFileType = sourcecode.swift; path = ViewController.swift; sourceTree = "<group>"; };
		4F9559011C12786A002A7108 /* Base */ = {isa = PBXFileReference; lastKnownFileType = file.storyboard; name = Base; path = Base.lproj/Main.storyboard; sourceTree = "<group>"; };
		4F9559031C12786A002A7108 /* Assets.xcassets */ = {isa = PBXFileReference; lastKnownFileType = folder.assetcatalog; path = Assets.xcassets; sourceTree = "<group>"; };
		4F9559061C12786A002A7108 /* Base */ = {isa = PBXFileReference; lastKnownFileType = file.storyboard; name = Base; path = Base.lproj/LaunchScreen.storyboard; sourceTree = "<group>"; };
		4F9559081C12786A002A7108 /* Info.plist */ = {isa = PBXFileReference; lastKnownFileType = text.plist.xml; path = Info.plist; sourceTree = "<group>"; };
		4F95590E1C127918002A7108 /* ViewController2.swift */ = {isa = PBXFileReference; fileEncoding = 4; lastKnownFileType = sourcecode.swift; path = ViewController2.swift; sourceTree = "<group>"; };
		4F9559111C127E3E002A7108 /* PTPresentationController.swift */ = {isa = PBXFileReference; fileEncoding = 4; lastKnownFileType = sourcecode.swift; path = PTPresentationController.swift; sourceTree = "<group>"; };
/* End PBXFileReference section */

/* Begin PBXFrameworksBuildPhase section */
		4F9558F61C12786A002A7108 /* Frameworks */ = {
			isa = PBXFrameworksBuildPhase;
			buildActionMask = 2147483647;
			files = (
			);
			runOnlyForDeploymentPostprocessing = 0;
		};
/* End PBXFrameworksBuildPhase section */

/* Begin PBXGroup section */
		4F9558F01C12786A002A7108 = {
			isa = PBXGroup;
			children = (
				4F9558FB1C12786A002A7108 /* DO_POPUPWindow */,
				4F9558FA1C12786A002A7108 /* Products */,
			);
			sourceTree = "<group>";
		};
		4F9558FA1C12786A002A7108 /* Products */ = {
			isa = PBXGroup;
			children = (
				4F9558F91C12786A002A7108 /* DO_POPUPWindow.app */,
			);
			name = Products;
			sourceTree = "<group>";
		};
		4F9558FB1C12786A002A7108 /* DO_POPUPWindow */ = {
			isa = PBXGroup;
			children = (
				4F9559101C12792C002A7108 /* Core Animtion */,
				4F9558FC1C12786A002A7108 /* AppDelegate.swift */,
				4F9558FE1C12786A002A7108 /* ViewController.swift */,
				4F95590E1C127918002A7108 /* ViewController2.swift */,
				4F9559001C12786A002A7108 /* Main.storyboard */,
				4F9559031C12786A002A7108 /* Assets.xcassets */,
				4F9559051C12786A002A7108 /* LaunchScreen.storyboard */,
				4F9559081C12786A002A7108 /* Info.plist */,
			);
			path = DO_POPUPWindow;
			sourceTree = "<group>";
		};
		4F9559101C12792C002A7108 /* Core Animtion */ = {
			isa = PBXGroup;
			children = (
				4F9559111C127E3E002A7108 /* PTPresentationController.swift */,
			);
			name = "Core Animtion";
			sourceTree = "<group>";
		};
/* End PBXGroup section */

/* Begin PBXNativeTarget section */
		4F9558F81C12786A002A7108 /* DO_POPUPWindow */ = {
			isa = PBXNativeTarget;
			buildConfigurationList = 4F95590B1C12786A002A7108 /* Build configuration list for PBXNativeTarget "DO_POPUPWindow" */;
			buildPhases = (
				4F9558F51C12786A002A7108 /* Sources */,
				4F9558F61C12786A002A7108 /* Frameworks */,
				4F9558F71C12786A002A7108 /* Resources */,
			);
			buildRules = (
			);
			dependencies = (
			);
			name = DO_POPUPWindow;
			productName = DO_POPUPWindow;
			productReference = 4F9558F91C12786A002A7108 /* DO_POPUPWindow.app */;
			productType = "com.apple.product-type.application";
		};
/* End PBXNativeTarget section */

/* Begin PBXProject section */
		4F9558F11C12786A002A7108 /* Project object */ = {
			isa = PBXProject;
			attributes = {
				LastSwiftUpdateCheck = 0710;
				LastUpgradeCheck = 0710;
				ORGANIZATIONNAME = pmst;
				TargetAttributes = {
					4F9558F81C12786A002A7108 = {
						CreatedOnToolsVersion = 7.1.1;
					};
				};
			};
			buildConfigurationList = 4F9558F41C12786A002A7108 /* Build configuration list for PBXProject "DO_POPUPWindow" */;
			compatibilityVersion = "Xcode 3.2";
			developmentRegion = English;
			hasScannedForEncodings = 0;
			knownRegions = (
				en,
				Base,
			);
			mainGroup = 4F9558F01C12786A002A7108;
			productRefGroup = 4F9558FA1C12786A002A7108 /* Products */;
			projectDirPath = "";
			projectRoot = "";
			targets = (
				4F9558F81C12786A002A7108 /* DO_POPUPWindow */,
			);
		};
/* End PBXProject section */

/* Begin PBXResourcesBuildPhase section */
		4F9558F71C12786A002A7108 /* Resources */ = {
			isa = PBXResourcesBuildPhase;
			buildActionMask = 2147483647;
			files = (
				4F9559071C12786A002A7108 /* LaunchScreen.storyboard in Resources */,
				4F9559041C12786A002A7108 /* Assets.xcassets in Resources */,
				4F9559021C12786A002A7108 /* Main.storyboard in Resources */,
			);
			runOnlyForDeploymentPostprocessing = 0;
		};
/* End PBXResourcesBuildPhase section */

/* Begin PBXSourcesBuildPhase section */
		4F9558F51C12786A002A7108 /* Sources */ = {
			isa = PBXSourcesBuildPhase;
			buildActionMask = 2147483647;
			files = (
				4F9558FF1C12786A002A7108 /* ViewController.swift in Sources */,
				4F9559121C127E3E002A7108 /* PTPresentationController.swift in Sources */,
				4F9558FD1C12786A002A7108 /* AppDelegate.swift in Sources */,
				4F95590F1C127918002A7108 /* ViewController2.swift in Sources */,
			);
			runOnlyForDeploymentPostprocessing = 0;
		};
/* End PBXSourcesBuildPhase section */

/* Begin PBXVariantGroup section */
		4F9559001C12786A002A7108 /* Main.storyboard */ = {
			isa = PBXVariantGroup;
			children = (
				4F9559011C12786A002A7108 /* Base */,
			);
			name = Main.storyboard;
			sourceTree = "<group>";
		};
		4F9559051C12786A002A7108 /* LaunchScreen.storyboard */ = {
			isa = PBXVariantGroup;
			children = (
				4F9559061C12786A002A7108 /* Base */,
			);
			name = LaunchScreen.storyboard;
			sourceTree = "<group>";
		};
/* End PBXVariantGroup section */

/* Begin XCBuildConfiguration section */
		4F9559091C12786A002A7108 /* Debug */ = {
			isa = XCBuildConfiguration;
			buildSettings = {
				ALWAYS_SEARCH_USER_PATHS = NO;
				CLANG_CXX_LANGUAGE_STANDARD = "gnu++0x";
				CLANG_CXX_LIBRARY = "libc++";
				CLANG_ENABLE_MODULES = YES;
				CLANG_ENABLE_OBJC_ARC = YES;
				CLANG_WARN_BOOL_CONVERSION = YES;
				CLANG_WARN_CONSTANT_CONVERSION = YES;
				CLANG_WARN_DIRECT_OBJC_ISA_USAGE = YES_ERROR;
				CLANG_WARN_EMPTY_BODY = YES;
				CLANG_WARN_ENUM_CONVERSION = YES;
				CLANG_WARN_INT_CONVERSION = YES;
				CLANG_WARN_OBJC_ROOT_CLASS = YES_ERROR;
				CLANG_WARN_UNREACHABLE_CODE = YES;
				CLANG_WARN__DUPLICATE_METHOD_MATCH = YES;
				"CODE_SIGN_IDENTITY[sdk=iphoneos*]" = "iPhone Developer";
				COPY_PHASE_STRIP = NO;
				DEBUG_INFORMATION_FORMAT = dwarf;
				ENABLE_STRICT_OBJC_MSGSEND = YES;
				ENABLE_TESTABILITY = YES;
				GCC_C_LANGUAGE_STANDARD = gnu99;
				GCC_DYNAMIC_NO_PIC = NO;
				GCC_NO_COMMON_BLOCKS = YES;
				GCC_OPTIMIZATION_LEVEL = 0;
				GCC_PREPROCESSOR_DEFINITIONS = (
					"DEBUG=1",
					"$(inherited)",
				);
				GCC_WARN_64_TO_32_BIT_CONVERSION = YES;
				GCC_WARN_ABOUT_RETURN_TYPE = YES_ERROR;
				GCC_WARN_UNDECLARED_SELECTOR = YES;
				GCC_WARN_UNINITIALIZED_AUTOS = YES_AGGRESSIVE;
				GCC_WARN_UNUSED_FUNCTION = YES;
				GCC_WARN_UNUSED_VARIABLE = YES;
				IPHONEOS_DEPLOYMENT_TARGET = 9.1;
				MTL_ENABLE_DEBUG_INFO = YES;
				ONLY_ACTIVE_ARCH = YES;
				SDKROOT = iphoneos;
				SWIFT_OPTIMIZATION_LEVEL = "-Onone";
			};
			name = Debug;
		};
		4F95590A1C12786A002A7108 /* Release */ = {
			isa = XCBuildConfiguration;
			buildSettings = {
				ALWAYS_SEARCH_USER_PATHS = NO;
				CLANG_CXX_LANGUAGE_STANDARD = "gnu++0x";
				CLANG_CXX_LIBRARY = "libc++";
				CLANG_ENABLE_MODULES = YES;
				CLANG_ENABLE_OBJC_ARC = YES;
				CLANG_WARN_BOOL_CONVERSION = YES;
				CLANG_WARN_CONSTANT_CONVERSION = YES;
				CLANG_WARN_DIRECT_OBJC_ISA_USAGE = YES_ERROR;
				CLANG_WARN_EMPTY_BODY = YES;
				CLANG_WARN_ENUM_CONVERSION = YES;
				CLANG_WARN_INT_CONVERSION = YES;
				CLANG_WARN_OBJC_ROOT_CLASS = YES_ERROR;
				CLANG_WARN_UNREACHABLE_CODE = YES;
				CLANG_WARN__DUPLICATE_METHOD_MATCH = YES;
				"CODE_SIGN_IDENTITY[sdk=iphoneos*]" = "iPhone Developer";
				COPY_PHASE_STRIP = NO;
				DEBUG_INFORMATION_FORMAT = "dwarf-with-dsym";
				ENABLE_NS_ASSERTIONS = NO;
				ENABLE_STRICT_OBJC_MSGSEND = YES;
				GCC_C_LANGUAGE_STANDARD = gnu99;
				GCC_NO_COMMON_BLOCKS = YES;
				GCC_WARN_64_TO_32_BIT_CONVERSION = YES;
				GCC_WARN_ABOUT_RETURN_TYPE = YES_ERROR;
				GCC_WARN_UNDECLARED_SELECTOR = YES;
				GCC_WARN_UNINITIALIZED_AUTOS = YES_AGGRESSIVE;
				GCC_WARN_UNUSED_FUNCTION = YES;
				GCC_WARN_UNUSED_VARIABLE = YES;
				IPHONEOS_DEPLOYMENT_TARGET = 9.1;
				MTL_ENABLE_DEBUG_INFO = NO;
				SDKROOT = iphoneos;
				VALIDATE_PRODUCT = YES;
			};
			name = Release;
		};
		4F95590C1C12786A002A7108 /* Debug */ = {
			isa = XCBuildConfiguration;
			buildSettings = {
				ASSETCATALOG_COMPILER_APPICON_NAME = AppIcon;
				INFOPLIST_FILE = DO_POPUPWindow/Info.plist;
				LD_RUNPATH_SEARCH_PATHS = "$(inherited) @executable_path/Frameworks";
				PRODUCT_BUNDLE_IDENTIFIER = "com.pmst.DO-POPUPWindow";
				PRODUCT_NAME = "$(TARGET_NAME)";
			};
			name = Debug;
		};
		4F95590D1C12786A002A7108 /* Release */ = {
			isa = XCBuildConfiguration;
			buildSettings = {
				ASSETCATALOG_COMPILER_APPICON_NAME = AppIcon;
				INFOPLIST_FILE = DO_POPUPWindow/Info.plist;
				LD_RUNPATH_SEARCH_PATHS = "$(inherited) @executable_path/Frameworks";
				PRODUCT_BUNDLE_IDENTIFIER = "com.pmst.DO-POPUPWindow";
				PRODUCT_NAME = "$(TARGET_NAME)";
			};
			name = Release;
		};
/* End XCBuildConfiguration section */

/* Begin XCConfigurationList section */
		4F9558F41C12786A002A7108 /* Build configuration list for PBXProject "DO_POPUPWindow" */ = {
			isa = XCConfigurationList;
			buildConfigurations = (
				4F9559091C12786A002A7108 /* Debug */,
				4F95590A1C12786A002A7108 /* Release */,
			);
			defaultConfigurationIsVisible = 0;
			defaultConfigurationName = Release;
		};
		4F95590B1C12786A002A7108 /* Build configuration list for PBXNativeTarget "DO_POPUPWindow" */ = {
			isa = XCConfigurationList;
			buildConfigurations = (
				4F95590C1C12786A002A7108 /* Debug */,
				4F95590D1C12786A002A7108 /* Release */,
			);
			defaultConfigurationIsVisible = 0;
		};
/* End XCConfigurationList section */
	};
	rootObject = 4F9558F11C12786A002A7108 /* Project object */;
}
